// !$*UTF8*$!
{
	archiveVersion = 1;
	classes = {
	};
	objectVersion = 77;
	objects = {

/* Begin PBXContainerItemProxy section */
		641EC4DD2DC4F88D00374C39 /* PBXContainerItemProxy */ = {
			isa = PBXContainerItemProxy;
			containerPortal = 641EC4BE2DC4F88C00374C39 /* Project object */;
			proxyType = 1;
			remoteGlobalIDString = 641EC4C52DC4F88C00374C39;
			remoteInfo = CameraCapture;
		};
		641EC4E72DC4F88D00374C39 /* PBXContainerItemProxy */ = {
			isa = PBXContainerItemProxy;
			containerPortal = 641EC4BE2DC4F88C00374C39 /* Project object */;
			proxyType = 1;
			remoteGlobalIDString = 641EC4C52DC4F88C00374C39;
			remoteInfo = CameraCapture;
		};
/* End PBXContainerItemProxy section */

/* Begin PBXFileReference section */
		641EC4C62DC4F88C00374C39 /* CameraCapture.app */ = {isa = PBXFileReference; explicitFileType = wrapper.application; includeInIndex = 0; path = CameraCapture.app; sourceTree = BUILT_PRODUCTS_DIR; };
		641EC4DC2DC4F88D00374C39 /* CameraCaptureTests.xctest */ = {isa = PBXFileReference; explicitFileType = wrapper.cfbundle; includeInIndex = 0; path = CameraCaptureTests.xctest; sourceTree = BUILT_PRODUCTS_DIR; };
		641EC4E62DC4F88D00374C39 /* CameraCaptureUITests.xctest */ = {isa = PBXFileReference; explicitFileType = wrapper.cfbundle; includeInIndex = 0; path = CameraCaptureUITests.xctest; sourceTree = BUILT_PRODUCTS_DIR; };
/* End PBXFileReference section */

/* Begin PBXFileSystemSynchronizedBuildFileExceptionSet section */
		641EC4EE2DC4F88D00374C39 /* Exceptions for "CameraCapture" folder in "CameraCapture" target */ = {
			isa = PBXFileSystemSynchronizedBuildFileExceptionSet;
			membershipExceptions = (
				Info.plist,
			);
			target = 641EC4C52DC4F88C00374C39 /* CameraCapture */;
		};
/* End PBXFileSystemSynchronizedBuildFileExceptionSet section */

/* Begin PBXFileSystemSynchronizedRootGroup section */
		641EC4C82DC4F88C00374C39 /* CameraCapture */ = {
			isa = PBXFileSystemSynchronizedRootGroup;
			exceptions = (
				641EC4EE2DC4F88D00374C39 /* Exceptions for "CameraCapture" folder in "CameraCapture" target */,
			);
			path = CameraCapture;
			sourceTree = "<group>";
		};
		641EC4DF2DC4F88D00374C39 /* CameraCaptureTests */ = {
			isa = PBXFileSystemSynchronizedRootGroup;
			path = CameraCaptureTests;
			sourceTree = "<group>";
		};
		641EC4E92DC4F88D00374C39 /* CameraCaptureUITests */ = {
			isa = PBXFileSystemSynchronizedRootGroup;
			path = CameraCaptureUITests;
			sourceTree = "<group>";
		};
/* End PBXFileSystemSynchronizedRootGroup section */

/* Begin PBXFrameworksBuildPhase section */
		641EC4C32DC4F88C00374C39 /* Frameworks */ = {
			isa = PBXFrameworksBuildPhase;
			buildActionMask = 2147483647;
			files = (
			);
			runOnlyForDeploymentPostprocessing = 0;
		};
		641EC4D92DC4F88D00374C39 /* Frameworks */ = {
			isa = PBXFrameworksBuildPhase;
			buildActionMask = 2147483647;
			files = (
			);
			runOnlyForDeploymentPostprocessing = 0;
		};
		641EC4E32DC4F88D00374C39 /* Frameworks */ = {
			isa = PBXFrameworksBuildPhase;
			buildActionMask = 2147483647;
			files = (
			);
			runOnlyForDeploymentPostprocessing = 0;
		};
/* End PBXFrameworksBuildPhase section */

/* Begin PBXGroup section */
		641EC4BD2DC4F88C00374C39 = {
			isa = PBXGroup;
			children = (
				641EC4C82DC4F88C00374C39 /* CameraCapture */,
				641EC4DF2DC4F88D00374C39 /* CameraCaptureTests */,
				641EC4E92DC4F88D00374C39 /* CameraCaptureUITests */,
				641EC4C72DC4F88C00374C39 /* Products */,
			);
			sourceTree = "<group>";
		};
		641EC4C72DC4F88C00374C39 /* Products */ = {
			isa = PBXGroup;
			children = (
				641EC4C62DC4F88C00374C39 /* CameraCapture.app */,
				641EC4DC2DC4F88D00374C39 /* CameraCaptureTests.xctest */,
				641EC4E62DC4F88D00374C39 /* CameraCaptureUITests.xctest */,
			);
			name = Products;
			sourceTree = "<group>";
		};
/* End PBXGroup section */

/* Begin PBXNativeTarget section */
		641EC4C52DC4F88C00374C39 /* CameraCapture */ = {
			isa = PBXNativeTarget;
			buildConfigurationList = 641EC4EF2DC4F88D00374C39 /* Build configuration list for PBXNativeTarget "CameraCapture" */;
			buildPhases = (
				641EC4C22DC4F88C00374C39 /* Sources */,
				641EC4C32DC4F88C00374C39 /* Frameworks */,
				641EC4C42DC4F88C00374C39 /* Resources */,
			);
			buildRules = (
			);
			dependencies = (
			);
			fileSystemSynchronizedGroups = (
				641EC4C82DC4F88C00374C39 /* CameraCapture */,
			);
			name = CameraCapture;
			packageProductDependencies = (
			);
			productName = CameraCapture;
			productReference = 641EC4C62DC4F88C00374C39 /* CameraCapture.app */;
			productType = "com.apple.product-type.application";
		};
		641EC4DB2DC4F88D00374C39 /* CameraCaptureTests */ = {
			isa = PBXNativeTarget;
			buildConfigurationList = 641EC4F42DC4F88D00374C39 /* Build configuration list for PBXNativeTarget "CameraCaptureTests" */;
			buildPhases = (
				641EC4D82DC4F88D00374C39 /* Sources */,
				641EC4D92DC4F88D00374C39 /* Frameworks */,
				641EC4DA2DC4F88D00374C39 /* Resources */,
			);
			buildRules = (
			);
			dependencies = (
				641EC4DE2DC4F88D00374C39 /* PBXTargetDependency */,
			);
			fileSystemSynchronizedGroups = (
				641EC4DF2DC4F88D00374C39 /* CameraCaptureTests */,
			);
			name = CameraCaptureTests;
			packageProductDependencies = (
			);
			productName = CameraCaptureTests;
			productReference = 641EC4DC2DC4F88D00374C39 /* CameraCaptureTests.xctest */;
			productType = "com.apple.product-type.bundle.unit-test";
		};
		641EC4E52DC4F88D00374C39 /* CameraCaptureUITests */ = {
			isa = PBXNativeTarget;
			buildConfigurationList = 641EC4F72DC4F88D00374C39 /* Build configuration list for PBXNativeTarget "CameraCaptureUITests" */;
			buildPhases = (
				641EC4E22DC4F88D00374C39 /* Sources */,
				641EC4E32DC4F88D00374C39 /* Frameworks */,
				641EC4E42DC4F88D00374C39 /* Resources */,
			);
			buildRules = (
			);
			dependencies = (
				641EC4E82DC4F88D00374C39 /* PBXTargetDependency */,
			);
			fileSystemSynchronizedGroups = (
				641EC4E92DC4F88D00374C39 /* CameraCaptureUITests */,
			);
			name = CameraCaptureUITests;
			packageProductDependencies = (
			);
			productName = CameraCaptureUITests;
			productReference = 641EC4E62DC4F88D00374C39 /* CameraCaptureUITests.xctest */;
			productType = "com.apple.product-type.bundle.ui-testing";
		};
/* End PBXNativeTarget section */

/* Begin PBXProject section */
		641EC4BE2DC4F88C00374C39 /* Project object */ = {
			isa = PBXProject;
			attributes = {
				BuildIndependentTargetsInParallel = 1;
				LastSwiftUpdateCheck = 1630;
				LastUpgradeCheck = 1630;
				TargetAttributes = {
					641EC4C52DC4F88C00374C39 = {
						CreatedOnToolsVersion = 16.3;
					};
					641EC4DB2DC4F88D00374C39 = {
						CreatedOnToolsVersion = 16.3;
						TestTargetID = 641EC4C52DC4F88C00374C39;
					};
					641EC4E52DC4F88D00374C39 = {
						CreatedOnToolsVersion = 16.3;
						TestTargetID = 641EC4C52DC4F88C00374C39;
					};
				};
			};
			buildConfigurationList = 641EC4C12DC4F88C00374C39 /* Build configuration list for PBXProject "CameraCapture" */;
			developmentRegion = en;
			hasScannedForEncodings = 0;
			knownRegions = (
				en,
				Base,
			);
			mainGroup = 641EC4BD2DC4F88C00374C39;
			minimizedProjectReferenceProxies = 1;
			preferredProjectObjectVersion = 77;
			productRefGroup = 641EC4C72DC4F88C00374C39 /* Products */;
			projectDirPath = "";
			projectRoot = "";
			targets = (
				641EC4C52DC4F88C00374C39 /* CameraCapture */,
				641EC4DB2DC4F88D00374C39 /* CameraCaptureTests */,
				641EC4E52DC4F88D00374C39 /* CameraCaptureUITests */,
			);
		};
/* End PBXProject section */

/* Begin PBXResourcesBuildPhase section */
		641EC4C42DC4F88C00374C39 /* Resources */ = {
			isa = PBXResourcesBuildPhase;
			buildActionMask = 2147483647;
			files = (
			);
			runOnlyForDeploymentPostprocessing = 0;
		};
		641EC4DA2DC4F88D00374C39 /* Resources */ = {
			isa = PBXResourcesBuildPhase;
			buildActionMask = 2147483647;
			files = (
			);
			runOnlyForDeploymentPostprocessing = 0;
		};
		641EC4E42DC4F88D00374C39 /* Resources */ = {
			isa = PBXResourcesBuildPhase;
			buildActionMask = 2147483647;
			files = (
			);
			runOnlyForDeploymentPostprocessing = 0;
		};
/* End PBXResourcesBuildPhase section */

/* Begin PBXSourcesBuildPhase section */
		641EC4C22DC4F88C00374C39 /* Sources */ = {
			isa = PBXSourcesBuildPhase;
			buildActionMask = 2147483647;
			files = (
			);
			runOnlyForDeploymentPostprocessing = 0;
		};
		641EC4D82DC4F88D00374C39 /* Sources */ = {
			isa = PBXSourcesBuildPhase;
			buildActionMask = 2147483647;
			files = (
			);
			runOnlyForDeploymentPostprocessing = 0;
		};
		641EC4E22DC4F88D00374C39 /* Sources */ = {
			isa = PBXSourcesBuildPhase;
			buildActionMask = 2147483647;
			files = (
			);
			runOnlyForDeploymentPostprocessing = 0;
		};
/* End PBXSourcesBuildPhase section */

/* Begin PBXTargetDependency section */
		641EC4DE2DC4F88D00374C39 /* PBXTargetDependency */ = {
			isa = PBXTargetDependency;
			target = 641EC4C52DC4F88C00374C39 /* CameraCapture */;
			targetProxy = 641EC4DD2DC4F88D00374C39 /* PBXContainerItemProxy */;
		};
		641EC4E82DC4F88D00374C39 /* PBXTargetDependency */ = {
			isa = PBXTargetDependency;
			target = 641EC4C52DC4F88C00374C39 /* CameraCapture */;
			targetProxy = 641EC4E72DC4F88D00374C39 /* PBXContainerItemProxy */;
		};
/* End PBXTargetDependency section */

/* Begin XCBuildConfiguration section */
		641EC4F02DC4F88D00374C39 /* Debug */ = {
			isa = XCBuildConfiguration;
			buildSettings = {
				ASSETCATALOG_COMPILER_APPICON_NAME = AppIcon;
				ASSETCATALOG_COMPILER_GLOBAL_ACCENT_COLOR_NAME = AccentColor;
				CODE_SIGN_STYLE = Automatic;
				CURRENT_PROJECT_VERSION = 1;
				GENERATE_INFOPLIST_FILE = YES;
				INFOPLIST_FILE = CameraCapture/Info.plist;
				INFOPLIST_KEY_UIApplicationSupportsIndirectInputEvents = YES;
				INFOPLIST_KEY_UILaunchStoryboardName = LaunchScreen;
				INFOPLIST_KEY_UIMainStoryboardFile = Main;
				INFOPLIST_KEY_UISupportedInterfaceOrientations_iPad = "UIInterfaceOrientationPortrait UIInterfaceOrientationPortraitUpsideDown UIInterfaceOrientationLandscapeLeft UIInterfaceOrientationLandscapeRight";
				INFOPLIST_KEY_UISupportedInterfaceOrientations_iPhone = "UIInterfaceOrientationPortrait UIInterfaceOrientationLandscapeLeft UIInterfaceOrientationLandscapeRight";
				LD_RUNPATH_SEARCH_PATHS = (
					"$(inherited)",
					"@executable_path/Frameworks",
				);
				MARKETING_VERSION = 1.0;
				PRODUCT_BUNDLE_IDENTIFIER = Marius.inc.CameraCapture;
				PRODUCT_NAME = "$(TARGET_NAME)";
				SWIFT_EMIT_LOC_STRINGS = YES;
				SWIFT_VERSION = 5.0;
				TARGETED_DEVICE_FAMILY = "1,2";
			};
			name = Debug;
		};
		641EC4F12DC4F88D00374C39 /* Release */ = {
			isa = XCBuildConfiguration;
			buildSettings = {
				ASSETCATALOG_COMPILER_APPICON_NAME = AppIcon;
				ASSETCATALOG_COMPILER_GLOBAL_ACCENT_COLOR_NAME = AccentColor;
				CODE_SIGN_STYLE = Automatic;
				CURRENT_PROJECT_VERSION = 1;
				GENERATE_INFOPLIST_FILE = YES;
				INFOPLIST_FILE = CameraCapture/Info.plist;
				INFOPLIST_KEY_UIApplicationSupportsIndirectInputEvents = YES;
				INFOPLIST_KEY_UILaunchStoryboardName = LaunchScreen;
				INFOPLIST_KEY_UIMainStoryboardFile = Main;
				INFOPLIST_KEY_UISupportedInterfaceOrientations_iPad = "UIInterfaceOrientationPortrait UIInterfaceOrientationPortraitUpsideDown UIInterfaceOrientationLandscapeLeft UIInterfaceOrientationLandscapeRight";
				INFOPLIST_KEY_UISupportedInterfaceOrientations_iPhone = "UIInterfaceOrientationPortrait UIInterfaceOrientationLandscapeLeft UIInterfaceOrientationLandscapeRight";
				LD_RUNPATH_SEARCH_PATHS = (
					"$(inherited)",
					"@executable_path/Frameworks",
				);
				MARKETING_VERSION = 1.0;
				PRODUCT_BUNDLE_IDENTIFIER = Marius.inc.CameraCapture;
				PRODUCT_NAME = "$(TARGET_NAME)";
				SWIFT_EMIT_LOC_STRINGS = YES;
				SWIFT_VERSION = 5.0;
				TARGETED_DEVICE_FAMILY = "1,2";
			};
			name = Release;
		};
		641EC4F22DC4F88D00374C39 /* Debug */ = {
			isa = XCBuildConfiguration;
			buildSettings = {
				ALWAYS_SEARCH_USER_PATHS = NO;
				ASSETCATALOG_COMPILER_GENERATE_SWIFT_ASSET_SYMBOL_EXTENSIONS = YES;
				CLANG_ANALYZER_NONNULL = YES;
				CLANG_ANALYZER_NUMBER_OBJECT_CONVERSION = YES_AGGRESSIVE;
				CLANG_CXX_LANGUAGE_STANDARD = "gnu++20";
				CLANG_ENABLE_MODULES = YES;
				CLANG_ENABLE_OBJC_ARC = YES;
				CLANG_ENABLE_OBJC_WEAK = YES;
				CLANG_WARN_BLOCK_CAPTURE_AUTORELEASING = YES;
				CLANG_WARN_BOOL_CONVERSION = YES;
				CLANG_WARN_COMMA = YES;
				CLANG_WARN_CONSTANT_CONVERSION = YES;
				CLANG_WARN_DEPRECATED_OBJC_IMPLEMENTATIONS = YES;
				CLANG_WARN_DIRECT_OBJC_ISA_USAGE = YES_ERROR;
				CLANG_WARN_DOCUMENTATION_COMMENTS = YES;
				CLANG_WARN_EMPTY_BODY = YES;
				CLANG_WARN_ENUM_CONVERSION = YES;
				CLANG_WARN_INFINITE_RECURSION = YES;
				CLANG_WARN_INT_CONVERSION = YES;
				CLANG_WARN_NON_LITERAL_NULL_CONVERSION = YES;
				CLANG_WARN_OBJC_IMPLICIT_RETAIN_SELF = YES;
				CLANG_WARN_OBJC_LITERAL_CONVERSION = YES;
				CLANG_WARN_OBJC_ROOT_CLASS = YES_ERROR;
				CLANG_WARN_QUOTED_INCLUDE_IN_FRAMEWORK_HEADER = YES;
				CLANG_WARN_RANGE_LOOP_ANALYSIS = YES;
				CLANG_WARN_STRICT_PROTOTYPES = YES;
				CLANG_WARN_SUSPICIOUS_MOVE = YES;
				CLANG_WARN_UNGUARDED_AVAILABILITY = YES_AGGRESSIVE;
				CLANG_WARN_UNREACHABLE_CODE = YES;
				CLANG_WARN__DUPLICATE_METHOD_MATCH = YES;
				COPY_PHASE_STRIP = NO;
				DEBUG_INFORMATION_FORMAT = dwarf;
				ENABLE_STRICT_OBJC_MSGSEND = YES;
				ENABLE_TESTABILITY = YES;
				ENABLE_USER_SCRIPT_SANDBOXING = YES;
				GCC_C_LANGUAGE_STANDARD = gnu17;
				GCC_DYNAMIC_NO_PIC = NO;
				GCC_NO_COMMON_BLOCKS = YES;
				GCC_OPTIMIZATION_LEVEL = 0;
				GCC_PREPROCESSOR_DEFINITIONS = (
					"DEBUG=1",
					"$(inherited)",
				);
				GCC_WARN_64_TO_32_BIT_CONVERSION = YES;
				GCC_WARN_ABOUT_RETURN_TYPE = YES_ERROR;
				GCC_WARN_UNDECLARED_SELECTOR = YES;
				GCC_WARN_UNINITIALIZED_AUTOS = YES_AGGRESSIVE;
				GCC_WARN_UNUSED_FUNCTION = YES;
				GCC_WARN_UNUSED_VARIABLE = YES;
				IPHONEOS_DEPLOYMENT_TARGET = 18.4;
				LOCALIZATION_PREFERS_STRING_CATALOGS = YES;
				MTL_ENABLE_DEBUG_INFO = INCLUDE_SOURCE;
				MTL_FAST_MATH = YES;
				ONLY_ACTIVE_ARCH = YES;
				SDKROOT = iphoneos;
				SWIFT_ACTIVE_COMPILATION_CONDITIONS = "DEBUG $(inherited)";
				SWIFT_OPTIMIZATION_LEVEL = "-Onone";
			};
			name = Debug;
		};
		641EC4F32DC4F88D00374C39 /* Release */ = {
			isa = XCBuildConfiguration;
			buildSettings = {
				ALWAYS_SEARCH_USER_PATHS = NO;
				ASSETCATALOG_COMPILER_GENERATE_SWIFT_ASSET_SYMBOL_EXTENSIONS = YES;
				CLANG_ANALYZER_NONNULL = YES;
				CLANG_ANALYZER_NUMBER_OBJECT_CONVERSION = YES_AGGRESSIVE;
				CLANG_CXX_LANGUAGE_STANDARD = "gnu++20";
				CLANG_ENABLE_MODULES = YES;
				CLANG_ENABLE_OBJC_ARC = YES;
				CLANG_ENABLE_OBJC_WEAK = YES;
				CLANG_WARN_BLOCK_CAPTURE_AUTORELEASING = YES;
				CLANG_WARN_BOOL_CONVERSION = YES;
				CLANG_WARN_COMMA = YES;
				CLANG_WARN_CONSTANT_CONVERSION = YES;
				CLANG_WARN_DEPRECATED_OBJC_IMPLEMENTATIONS = YES;
				CLANG_WARN_DIRECT_OBJC_ISA_USAGE = YES_ERROR;
				CLANG_WARN_DOCUMENTATION_COMMENTS = YES;
				CLANG_WARN_EMPTY_BODY = YES;
				CLANG_WARN_ENUM_CONVERSION = YES;
				CLANG_WARN_INFINITE_RECURSION = YES;
				CLANG_WARN_INT_CONVERSION = YES;
				CLANG_WARN_NON_LITERAL_NULL_CONVERSION = YES;
				CLANG_WARN_OBJC_IMPLICIT_RETAIN_SELF = YES;
				CLANG_WARN_OBJC_LITERAL_CONVERSION = YES;
				CLANG_WARN_OBJC_ROOT_CLASS = YES_ERROR;
				CLANG_WARN_QUOTED_INCLUDE_IN_FRAMEWORK_HEADER = YES;
				CLANG_WARN_RANGE_LOOP_ANALYSIS = YES;
				CLANG_WARN_STRICT_PROTOTYPES = YES;
				CLANG_WARN_SUSPICIOUS_MOVE = YES;
				CLANG_WARN_UNGUARDED_AVAILABILITY = YES_AGGRESSIVE;
				CLANG_WARN_UNREACHABLE_CODE = YES;
				CLANG_WARN__DUPLICATE_METHOD_MATCH = YES;
				COPY_PHASE_STRIP = NO;
				DEBUG_INFORMATION_FORMAT = "dwarf-with-dsym";
				ENABLE_NS_ASSERTIONS = NO;
				ENABLE_STRICT_OBJC_MSGSEND = YES;
				ENABLE_USER_SCRIPT_SANDBOXING = YES;
				GCC_C_LANGUAGE_STANDARD = gnu17;
				GCC_NO_COMMON_BLOCKS = YES;
				GCC_WARN_64_TO_32_BIT_CONVERSION = YES;
				GCC_WARN_ABOUT_RETURN_TYPE = YES_ERROR;
				GCC_WARN_UNDECLARED_SELECTOR = YES;
				GCC_WARN_UNINITIALIZED_AUTOS = YES_AGGRESSIVE;
				GCC_WARN_UNUSED_FUNCTION = YES;
				GCC_WARN_UNUSED_VARIABLE = YES;
				IPHONEOS_DEPLOYMENT_TARGET = 18.4;
				LOCALIZATION_PREFERS_STRING_CATALOGS = YES;
				MTL_ENABLE_DEBUG_INFO = NO;
				MTL_FAST_MATH = YES;
				SDKROOT = iphoneos;
				SWIFT_COMPILATION_MODE = wholemodule;
				VALIDATE_PRODUCT = YES;
			};
			name = Release;
		};
		641EC4F52DC4F88D00374C39 /* Debug */ = {
			isa = XCBuildConfiguration;
			buildSettings = {
				BUNDLE_LOADER = "$(TEST_HOST)";
				CODE_SIGN_STYLE = Automatic;
				CURRENT_PROJECT_VERSION = 1;
				GENERATE_INFOPLIST_FILE = YES;
				IPHONEOS_DEPLOYMENT_TARGET = 18.4;
				MARKETING_VERSION = 1.0;
				PRODUCT_BUNDLE_IDENTIFIER = Marius.inc.CameraCaptureTests;
				PRODUCT_NAME = "$(TARGET_NAME)";
				SWIFT_EMIT_LOC_STRINGS = NO;
				SWIFT_VERSION = 5.0;
				TARGETED_DEVICE_FAMILY = "1,2";
				TEST_HOST = "$(BUILT_PRODUCTS_DIR)/CameraCapture.app/$(BUNDLE_EXECUTABLE_FOLDER_PATH)/CameraCapture";
			};
			name = Debug;
		};
		641EC4F62DC4F88D00374C39 /* Release */ = {
			isa = XCBuildConfiguration;
			buildSettings = {
				BUNDLE_LOADER = "$(TEST_HOST)";
				CODE_SIGN_STYLE = Automatic;
				CURRENT_PROJECT_VERSION = 1;
				GENERATE_INFOPLIST_FILE = YES;
				IPHONEOS_DEPLOYMENT_TARGET = 18.4;
				MARKETING_VERSION = 1.0;
				PRODUCT_BUNDLE_IDENTIFIER = Marius.inc.CameraCaptureTests;
				PRODUCT_NAME = "$(TARGET_NAME)";
				SWIFT_EMIT_LOC_STRINGS = NO;
				SWIFT_VERSION = 5.0;
				TARGETED_DEVICE_FAMILY = "1,2";
				TEST_HOST = "$(BUILT_PRODUCTS_DIR)/CameraCapture.app/$(BUNDLE_EXECUTABLE_FOLDER_PATH)/CameraCapture";
			};
			name = Release;
		};
		641EC4F82DC4F88D00374C39 /* Debug */ = {
			isa = XCBuildConfiguration;
			buildSettings = {
				CODE_SIGN_STYLE = Automatic;
				CURRENT_PROJECT_VERSION = 1;
				GENERATE_INFOPLIST_FILE = YES;
				MARKETING_VERSION = 1.0;
				PRODUCT_BUNDLE_IDENTIFIER = Marius.inc.CameraCaptureUITests;
				PRODUCT_NAME = "$(TARGET_NAME)";
				SWIFT_EMIT_LOC_STRINGS = NO;
				SWIFT_VERSION = 5.0;
				TARGETED_DEVICE_FAMILY = "1,2";
				TEST_TARGET_NAME = CameraCapture;
			};
			name = Debug;
		};
		641EC4F92DC4F88D00374C39 /* Release */ = {
			isa = XCBuildConfiguration;
			buildSettings = {
				CODE_SIGN_STYLE = Automatic;
				CURRENT_PROJECT_VERSION = 1;
				GENERATE_INFOPLIST_FILE = YES;
				MARKETING_VERSION = 1.0;
				PRODUCT_BUNDLE_IDENTIFIER = Marius.inc.CameraCaptureUITests;
				PRODUCT_NAME = "$(TARGET_NAME)";
				SWIFT_EMIT_LOC_STRINGS = NO;
				SWIFT_VERSION = 5.0;
				TARGETED_DEVICE_FAMILY = "1,2";
				TEST_TARGET_NAME = CameraCapture;
			};
			name = Release;
		};
/* End XCBuildConfiguration section */

/* Begin XCConfigurationList section */
		641EC4C12DC4F88C00374C39 /* Build configuration list for PBXProject "CameraCapture" */ = {
			isa = XCConfigurationList;
			buildConfigurations = (
				641EC4F22DC4F88D00374C39 /* Debug */,
				641EC4F32DC4F88D00374C39 /* Release */,
			);
			defaultConfigurationIsVisible = 0;
			defaultConfigurationName = Release;
		};
		641EC4EF2DC4F88D00374C39 /* Build configuration list for PBXNativeTarget "CameraCapture" */ = {
			isa = XCConfigurationList;
			buildConfigurations = (
				641EC4F02DC4F88D00374C39 /* Debug */,
				641EC4F12DC4F88D00374C39 /* Release */,
			);
			defaultConfigurationIsVisible = 0;
			defaultConfigurationName = Release;
		};
		641EC4F42DC4F88D00374C39 /* Build configuration list for PBXNativeTarget "CameraCaptureTests" */ = {
			isa = XCConfigurationList;
			buildConfigurations = (
				641EC4F52DC4F88D00374C39 /* Debug */,
				641EC4F62DC4F88D00374C39 /* Release */,
			);
			defaultConfigurationIsVisible = 0;
			defaultConfigurationName = Release;
		};
		641EC4F72DC4F88D00374C39 /* Build configuration list for PBXNativeTarget "CameraCaptureUITests" */ = {
			isa = XCConfigurationList;
			buildConfigurations = (
				641EC4F82DC4F88D00374C39 /* Debug */,
				641EC4F92DC4F88D00374C39 /* Release */,
			);
			defaultConfigurationIsVisible = 0;
			defaultConfigurationName = Release;
		};
/* End XCConfigurationList section */
	};
	rootObject = 641EC4BE2DC4F88C00374C39 /* Project object */;
}
